
Microsoft Visual Studio Solution File, Format Version 12.00
# Visual Studio Version 17
VisualStudioVersion = 17.1.31903.286
MinimumVisualStudioVersion = 10.0.40219.1
Project("{FAE04EC0-301F-11D3-BF4B-00C04F79EFBC}") = "Universal Vivecraft Installer", "Universal Vivecraft Installer\Universal Vivecraft Installer.csproj", "{55E63480-9D68-4CE8-88E0-1FD8FF0A7EE6}"
EndProject
Global
	GlobalSection(SolutionConfigurationPlatforms) = preSolution
		Debug|Any CPU = Debug|Any CPU
		Release|Any CPU = Release|Any CPU
	EndGlobalSection
	GlobalSection(ProjectConfigurationPlatforms) = postSolution
		{55E63480-9D68-4CE8-88E0-1FD8FF0A7EE6}.Debug|Any CPU.ActiveCfg = Debug|Any CPU
		{55E63480-9D68-4CE8-88E0-1FD8FF0A7EE6}.Debug|Any CPU.Build.0 = Debug|Any CPU
		{55E63480-9D68-4CE8-88E0-1FD8FF0A7EE6}.Release|Any CPU.ActiveCfg = Release|Any CPU
		{55E63480-9D68-4CE8-88E0-1FD8FF0A7EE6}.Release|Any CPU.Build.0 = Release|Any CPU
	EndGlobalSection
	GlobalSection(SolutionProperties) = preSolution
		HideSolutionNode = FALSE
	EndGlobalSection
	GlobalSection(ExtensibilityGlobals) = postSolution
		SolutionGuid = {B9E839E7-9E60-4CDA-83E0-8A68DCD09B35}
	EndGlobalSection
EndGlobal
